{
  "originHash" : "ae334c1150630dd1029051c60c3f7baa2b7e0f0c1e052f21dd1ef524534afd11",
  "pins" : [
    {
      "identity" : "clispinner",
      "kind" : "remoteSourceControl",
      "location" : "https://github.com/kiliankoe/CLISpinner",
      "state" : {
        "branch" : "main",
        "revision" : "0572232b92ddfd80cbab4ced6973d1c210022968"
      }
    },
    {
      "identity" : "dollup",
      "kind" : "remoteSourceControl",
      "location" : "https://github.com/ordo-one/dollup",
      "state" : {
        "branch" : "master",
        "revision" : "349c8a4e292d7ff4239c1a71e624b21dcf91876c"
      }
    },
    {
      "identity" : "h",
      "kind" : "remoteSourceControl",
      "location" : "https://github.com/rarestype/h",
      "state" : {
        "branch" : "master",
        "revision" : "ab7ca5988ee41479935a340095bbf7525b0ca3cc"
      }
    },
    {
      "identity" : "progress.swift",
      "kind" : "remoteSourceControl",
      "location" : "https://github.com/jkandzi/Progress.swift",
      "state" : {
        "branch" : "master",
        "revision" : "fed6598735d7982058690acf8f52a0a5fdaeb3e0"
      }
    },
    {
      "identity" : "rainbow",
      "kind" : "remoteSourceControl",
      "location" : "https://github.com/onevcat/Rainbow",
      "state" : {
        "branch" : "master",
        "revision" : "22bba3a1878813c68597811494b29f34f4cc63d5"
      }
    },
    {
      "identity" : "swift-argument-parser",
      "kind" : "remoteSourceControl",
      "location" : "https://github.com/apple/swift-argument-parser",
      "state" : {
        "branch" : "main",
        "revision" : "b53c2f0138a387f3c21d543d7bbfc9d008d6fb1d"
      }
    },
    {
      "identity" : "swift-docc-plugin",
      "kind" : "remoteSourceControl",
      "location" : "https://github.com/apple/swift-docc-plugin",
      "state" : {
        "branch" : "main",
        "revision" : "647c708be89f834fa6a6d4945442793a77ddf5b6"
      }
    },
    {
      "identity" : "swift-docc-symbolkit",
      "kind" : "remoteSourceControl",
      "location" : "https://github.com/apple/swift-docc-symbolkit",
      "state" : {
        "branch" : "main",
        "revision" : "c1f9484553d29afb981b95458b37c1c3d3e1bcd7"
      }
    },
    {
      "identity" : "swift-png",
      "kind" : "remoteSourceControl",
      "location" : "https://github.com/tayloraswift/swift-png",
      "state" : {
        "branch" : "master",
        "revision" : "b6abadff7bc4cdc152c83e4be19304d2e6d88d66"
      }
    },
    {
      "identity" : "swift-subprocess",
      "kind" : "remoteSourceControl",
      "location" : "https://github.com/swiftlang/swift-subprocess",
      "state" : {
        "branch" : "main",
        "revision" : "47d0c80f8a0c4e837c8d9d24dd73d11c792461c2"
      }
    },
    {
      "identity" : "swift-system",
      "kind" : "remoteSourceControl",
      "location" : "https://github.com/apple/swift-system",
      "state" : {
        "branch" : "main",
        "revision" : "1b452c2996c677d8e435bf0b766fc927176d8c77"
      }
    },
    {
      "identity" : "swiftterm",
      "kind" : "remoteSourceControl",
      "location" : "https://github.com/migueldeicaza/SwiftTerm",
      "state" : {
        "branch" : "main",
        "revision" : "b5338ba35400d7da9e1b50b1f83e18c0d0dba2e0"
      }
    },
    {
      "identity" : "yams",
      "kind" : "remoteSourceControl",
      "location" : "https://github.com/jpsim/Yams",
      "state" : {
        "branch" : "main",
        "revision" : "df801bc4f158f107035d2e14f6d0d8d31eb31ddb"
      }
    }
  ],
  "version" : 3
}
