// !$*UTF8*$!
{
	archiveVersion = 1;
	classes = {
	};
	objectVersion = 77;
	objects = {

/* Begin PBXBuildFile section */
		17C66E1D5AF32B367F3A28D4 /* Pods_Horizon.framework in Frameworks */ = {isa = PBXBuildFile; fileRef = 3578B2A29B0FA9DBB3A44A1E /* Pods_Horizon.framework */; };
		C31FAED13054FF3800EE91EC /* SwiftTerm in Frameworks */ = {isa = PBXBuildFile; productRef = C31FAED03054FF3800EE91EC /* SwiftTerm */; };
		C31FAED33054FF3800EE91EC /* SwiftTermBuildInfoGenerator in Frameworks */ = {isa = PBXBuildFile; productRef = C31FAED23054FF3800EE91EC /* SwiftTermBuildInfoGenerator */; };
		C31FAED53054FF3800EE91EC /* SwiftTermFuzz in Frameworks */ = {isa = PBXBuildFile; productRef = C31FAED43054FF3800EE91EC /* SwiftTermFuzz */; };
		C31FAED73054FF3800EE91EC /* termcast in Frameworks */ = {isa = PBXBuildFile; productRef = C31FAED63054FF3800EE91EC /* termcast */; };
		C31FAEDA3054FF7E00EE91EC /* SwiftTerm in Frameworks */ = {isa = PBXBuildFile; productRef = C31FAED93054FF7E00EE91EC /* SwiftTerm */; };
		C31FAEDC3054FF7E00EE91EC /* SwiftTermBuildInfoGenerator in Frameworks */ = {isa = PBXBuildFile; productRef = C31FAEDB3054FF7E00EE91EC /* SwiftTermBuildInfoGenerator */; };
		C31FAEDE3054FF7E00EE91EC /* SwiftTermFuzz in Frameworks */ = {isa = PBXBuildFile; productRef = C31FAEDD3054FF7E00EE91EC /* SwiftTermFuzz */; };
		C31FAEE03054FF7E00EE91EC /* termcast in Frameworks */ = {isa = PBXBuildFile; productRef = C31FAEDF3054FF7E00EE91EC /* termcast */; };
		C330D656304B9898005DF1C4 /* ArgumentParser in Frameworks */ = {isa = PBXBuildFile; productRef = C330D655304B9898005DF1C4 /* ArgumentParser */; };
		C330D658304B9898005DF1C4 /* generate-docc-reference in Frameworks */ = {isa = PBXBuildFile; productRef = C330D657304B9898005DF1C4 /* generate-docc-reference */; };
		C330D65A304B9898005DF1C4 /* generate-manual in Frameworks */ = {isa = PBXBuildFile; productRef = C330D659304B9898005DF1C4 /* generate-manual */; };
		C330D65D304B98BF005DF1C4 /* snippet-extract in Frameworks */ = {isa = PBXBuildFile; productRef = C330D65C304B98BF005DF1C4 /* snippet-extract */; };
		C330D660304B9903005DF1C4 /* LZ77 in Frameworks */ = {isa = PBXBuildFile; productRef = C330D65F304B9903005DF1C4 /* LZ77 */; };
		C330D662304B9903005DF1C4 /* PNG in Frameworks */ = {isa = PBXBuildFile; productRef = C330D661304B9903005DF1C4 /* PNG */; };
		C330D664304B9903005DF1C4 /* compression-benchmark in Frameworks */ = {isa = PBXBuildFile; productRef = C330D663304B9903005DF1C4 /* compression-benchmark */; };
		C330D666304B9903005DF1C4 /* decompression-benchmark in Frameworks */ = {isa = PBXBuildFile; productRef = C330D665304B9903005DF1C4 /* decompression-benchmark */; };
		C330D66A304B997E005DF1C4 /* Subprocess in Frameworks */ = {isa = PBXBuildFile; productRef = C330D669304B997E005DF1C4 /* Subprocess */; };
		C330D66D304B9A60005DF1C4 /* Base16 in Frameworks */ = {isa = PBXBuildFile; productRef = C330D66C304B9A60005DF1C4 /* Base16 */; };
		C330D66F304B9A60005DF1C4 /* Base64 in Frameworks */ = {isa = PBXBuildFile; productRef = C330D66E304B9A60005DF1C4 /* Base64 */; };
		C330D671304B9A60005DF1C4 /* CRC in Frameworks */ = {isa = PBXBuildFile; productRef = C330D670304B9A60005DF1C4 /* CRC */; };
		C330D673304B9A60005DF1C4 /* InlineBuffer in Frameworks */ = {isa = PBXBuildFile; productRef = C330D672304B9A60005DF1C4 /* InlineBuffer */; };
		C330D675304B9A60005DF1C4 /* MD5 in Frameworks */ = {isa = PBXBuildFile; productRef = C330D674304B9A60005DF1C4 /* MD5 */; };
		C330D677304B9A60005DF1C4 /* MessageAuthentication in Frameworks */ = {isa = PBXBuildFile; productRef = C330D676304B9A60005DF1C4 /* MessageAuthentication */; };
		C330D679304B9A60005DF1C4 /* SHA1 in Frameworks */ = {isa = PBXBuildFile; productRef = C330D678304B9A60005DF1C4 /* SHA1 */; };
		C330D67B304B9A60005DF1C4 /* SHA2 in Frameworks */ = {isa = PBXBuildFile; productRef = C330D67A304B9A60005DF1C4 /* SHA2 */; };
		C330D67D304B9A60005DF1C4 /* UUID in Frameworks */ = {isa = PBXBuildFile; productRef = C330D67C304B9A60005DF1C4 /* UUID */; };
		C330D680304BBB8D005DF1C4 /* SymbolKit in Frameworks */ = {isa = PBXBuildFile; productRef = C330D67F304BBB8D005DF1C4 /* SymbolKit */; };
		C330D683304BBBCB005DF1C4 /* SystemPackage in Frameworks */ = {isa = PBXBuildFile; productRef = C330D682304BBBCB005DF1C4 /* SystemPackage */; };
		C3494593304C76E400906B16 /* SwifterSwift in Frameworks */ = {isa = PBXBuildFile; productRef = C3494592304C76E400906B16 /* SwifterSwift */; };
		C3494595304C76E400906B16 /* SwifterSwiftAppKit in Frameworks */ = {isa = PBXBuildFile; productRef = C3494594304C76E400906B16 /* SwifterSwiftAppKit */; };
		C3494597304C76E400906B16 /* SwifterSwiftAppKitNoIBInspectable in Frameworks */ = {isa = PBXBuildFile; productRef = C3494596304C76E400906B16 /* SwifterSwiftAppKitNoIBInspectable */; };
		C3494599304C76E400906B16 /* SwifterSwiftCoreAnimation in Frameworks */ = {isa = PBXBuildFile; productRef = C3494598304C76E400906B16 /* SwifterSwiftCoreAnimation */; };
		C349459B304C76E400906B16 /* SwifterSwiftCoreGraphics in Frameworks */ = {isa = PBXBuildFile; productRef = C349459A304C76E400906B16 /* SwifterSwiftCoreGraphics */; };
		C349459D304C76E400906B16 /* SwifterSwiftCoreLocation in Frameworks */ = {isa = PBXBuildFile; productRef = C349459C304C76E400906B16 /* SwifterSwiftCoreLocation */; };
		C349459F304C76E400906B16 /* SwifterSwiftCryptoKit in Frameworks */ = {isa = PBXBuildFile; productRef = C349459E304C76E400906B16 /* SwifterSwiftCryptoKit */; };
		C34945A1304C76E400906B16 /* SwifterSwiftDispatch in Frameworks */ = {isa = PBXBuildFile; productRef = C34945A0304C76E400906B16 /* SwifterSwiftDispatch */; };
		C34945A3304C76E400906B16 /* SwifterSwiftFoundation in Frameworks */ = {isa = PBXBuildFile; productRef = C34945A2304C76E400906B16 /* SwifterSwiftFoundation */; };
		C34945A5304C76E400906B16 /* SwifterSwiftHealthKit in Frameworks */ = {isa = PBXBuildFile; productRef = C34945A4304C76E400906B16 /* SwifterSwiftHealthKit */; };
		C34945A7304C76E400906B16 /* SwifterSwiftMapKit in Frameworks */ = {isa = PBXBuildFile; productRef = C34945A6304C76E400906B16 /* SwifterSwiftMapKit */; };
		C34945A9304C76E400906B16 /* SwifterSwiftNoIBInspectable in Frameworks */ = {isa = PBXBuildFile; productRef = C34945A8304C76E400906B16 /* SwifterSwiftNoIBInspectable */; };
		C34945AB304C76E400906B16 /* SwifterSwiftSceneKit in Frameworks */ = {isa = PBXBuildFile; productRef = C34945AA304C76E400906B16 /* SwifterSwiftSceneKit */; };
		C34945AD304C76E400906B16 /* SwifterSwiftShared in Frameworks */ = {isa = PBXBuildFile; productRef = C34945AC304C76E400906B16 /* SwifterSwiftShared */; };
		C34945AF304C76E400906B16 /* SwifterSwiftSpriteKit in Frameworks */ = {isa = PBXBuildFile; productRef = C34945AE304C76E400906B16 /* SwifterSwiftSpriteKit */; };
		C34945B1304C76E400906B16 /* SwifterSwiftStoreKit in Frameworks */ = {isa = PBXBuildFile; productRef = C34945B0304C76E400906B16 /* SwifterSwiftStoreKit */; };
		C34945B3304C76E400906B16 /* SwifterSwiftSwiftStdlib in Frameworks */ = {isa = PBXBuildFile; productRef = C34945B2304C76E400906B16 /* SwifterSwiftSwiftStdlib */; };
		C34945B5304C76E400906B16 /* SwifterSwiftUIKit in Frameworks */ = {isa = PBXBuildFile; productRef = C34945B4304C76E400906B16 /* SwifterSwiftUIKit */; };
		C34945B7304C76E400906B16 /* SwifterSwiftUIKitNoIBInspectable in Frameworks */ = {isa = PBXBuildFile; productRef = C34945B6304C76E400906B16 /* SwifterSwiftUIKitNoIBInspectable */; };
		C34945B9304C76E400906B16 /* SwifterSwiftWebKit in Frameworks */ = {isa = PBXBuildFile; productRef = C34945B8304C76E400906B16 /* SwifterSwiftWebKit */; };
		C353734930280C270054E0D8 /* AppIcon.icon in Resources */ = {isa = PBXBuildFile; fileRef = C353733730280C270054E0D8 /* AppIcon.icon */; };
		C353734A30280C270054E0D8 /* LockScreenView.swift in Sources */ = {isa = PBXBuildFile; fileRef = C353733E30280C270054E0D8 /* LockScreenView.swift */; };
		C353734B30280C270054E0D8 /* TerminalViewRepresentable.swift in Sources */ = {isa = PBXBuildFile; fileRef = C353734630280C270054E0D8 /* TerminalViewRepresentable.swift */; };
		C353734C30280C270054E0D8 /* SandboxedShell.swift in Sources */ = {isa = PBXBuildFile; fileRef = C353734230280C270054E0D8 /* SandboxedShell.swift */; };
		C353734D30280C270054E0D8 /* MainView.swift in Sources */ = {isa = PBXBuildFile; fileRef = C353733F30280C270054E0D8 /* MainView.swift */; };
		C353734E30280C270054E0D8 /* FileViewerView.swift in Sources */ = {isa = PBXBuildFile; fileRef = C353733B30280C270054E0D8 /* FileViewerView.swift */; };
		C353734F30280C270054E0D8 /* ShellModel.swift in Sources */ = {isa = PBXBuildFile; fileRef = C353734330280C270054E0D8 /* ShellModel.swift */; };
		C353735030280C270054E0D8 /* EditorView.swift in Sources */ = {isa = PBXBuildFile; fileRef = C353733A30280C270054E0D8 /* EditorView.swift */; };
		C353735130280C270054E0D8 /* TerminalEngine.swift in Sources */ = {isa = PBXBuildFile; fileRef = C353734530280C270054E0D8 /* TerminalEngine.swift */; };
		C353735230280C270054E0D8 /* PTYBridge.swift in Sources */ = {isa = PBXBuildFile; fileRef = C353734130280C270054E0D8 /* PTYBridge.swift */; };
		C353735330280C270054E0D8 /* NotMacView.swift in Sources */ = {isa = PBXBuildFile; fileRef = C353734030280C270054E0D8 /* NotMacView.swift */; };
		C353735430280C270054E0D8 /* ShellViewModel.swift in Sources */ = {isa = PBXBuildFile; fileRef = C353734430280C270054E0D8 /* ShellViewModel.swift */; };
		C353735530280C270054E0D8 /* Aurora_shellApp.swift in Sources */ = {isa = PBXBuildFile; fileRef = C353733830280C270054E0D8 /* Aurora_shellApp.swift */; };
		C353735630280C270054E0D8 /* LiquidBackground.swift in Sources */ = {isa = PBXBuildFile; fileRef = C353733D30280C270054E0D8 /* LiquidBackground.swift */; };
		C36B1B7C3037D2260066C1F6 /* README.md in Resources */ = {isa = PBXBuildFile; fileRef = C36B1B7B3037D21D0066C1F6 /* README.md */; };
		C3E0CAF93044CD87007384B3 /* Rainbow in Frameworks */ = {isa = PBXBuildFile; productRef = C3E0CAF83044CD87007384B3 /* Rainbow */; };
		C3E0CAFC3044CDF1007384B3 /* Yams in Frameworks */ = {isa = PBXBuildFile; productRef = C3E0CAFB3044CDF1007384B3 /* Yams */; };
		C3E0CAFF3044CE10007384B3 /* CLISpinner in Frameworks */ = {isa = PBXBuildFile; productRef = C3E0CAFE3044CE10007384B3 /* CLISpinner */; };
		C3E0CB023044CE44007384B3 /* Progress in Frameworks */ = {isa = PBXBuildFile; productRef = C3E0CB013044CE44007384B3 /* Progress */; };
/* End PBXBuildFile section */

/* Begin PBXCopyFilesBuildPhase section */
		C39A22F82F849FAE00745502 /* Embed Frameworks */ = {
			isa = PBXCopyFilesBuildPhase;
			buildActionMask = 2147483647;
			dstPath = "";
			dstSubfolderSpec = 10;
			files = (
			);
			name = "Embed Frameworks";
			runOnlyForDeploymentPostprocessing = 0;
		};
/* End PBXCopyFilesBuildPhase section */

/* Begin PBXFileReference section */
		3578B2A29B0FA9DBB3A44A1E /* Pods_Horizon.framework */ = {isa = PBXFileReference; explicitFileType = wrapper.framework; includeInIndex = 0; path = Pods_Horizon.framework; sourceTree = BUILT_PRODUCTS_DIR; };
		ADFC67DC68F10606B0DE6D1D /* Pods-Horizon.release.xcconfig */ = {isa = PBXFileReference; includeInIndex = 1; lastKnownFileType = text.xcconfig; name = "Pods-Horizon.release.xcconfig"; path = "Target Support Files/Pods-Horizon/Pods-Horizon.release.xcconfig"; sourceTree = "<group>"; };
		C353733730280C270054E0D8 /* AppIcon.icon */ = {isa = PBXFileReference; lastKnownFileType = folder.iconcomposer.icon; path = AppIcon.icon; sourceTree = "<group>"; };
		C353733830280C270054E0D8 /* Aurora_shellApp.swift */ = {isa = PBXFileReference; lastKnownFileType = sourcecode.swift; path = Aurora_shellApp.swift; sourceTree = "<group>"; };
		C353733930280C270054E0D8 /* Aurora-shell.entitlements */ = {isa = PBXFileReference; lastKnownFileType = text.plist.entitlements; path = "Aurora-shell.entitlements"; sourceTree = "<group>"; };
		C353733A30280C270054E0D8 /* EditorView.swift */ = {isa = PBXFileReference; lastKnownFileType = sourcecode.swift; path = EditorView.swift; sourceTree = "<group>"; };
		C353733B30280C270054E0D8 /* FileViewerView.swift */ = {isa = PBXFileReference; lastKnownFileType = sourcecode.swift; path = FileViewerView.swift; sourceTree = "<group>"; };
		C353733D30280C270054E0D8 /* LiquidBackground.swift */ = {isa = PBXFileReference; lastKnownFileType = sourcecode.swift; path = LiquidBackground.swift; sourceTree = "<group>"; };
		C353733E30280C270054E0D8 /* LockScreenView.swift */ = {isa = PBXFileReference; lastKnownFileType = sourcecode.swift; path = LockScreenView.swift; sourceTree = "<group>"; };
		C353733F30280C270054E0D8 /* MainView.swift */ = {isa = PBXFileReference; lastKnownFileType = sourcecode.swift; path = MainView.swift; sourceTree = "<group>"; };
		C353734030280C270054E0D8 /* NotMacView.swift */ = {isa = PBXFileReference; lastKnownFileType = sourcecode.swift; path = NotMacView.swift; sourceTree = "<group>"; };
		C353734130280C270054E0D8 /* PTYBridge.swift */ = {isa = PBXFileReference; lastKnownFileType = sourcecode.swift; path = PTYBridge.swift; sourceTree = "<group>"; };
		C353734230280C270054E0D8 /* SandboxedShell.swift */ = {isa = PBXFileReference; lastKnownFileType = sourcecode.swift; path = SandboxedShell.swift; sourceTree = "<group>"; };
		C353734330280C270054E0D8 /* ShellModel.swift */ = {isa = PBXFileReference; lastKnownFileType = sourcecode.swift; path = ShellModel.swift; sourceTree = "<group>"; };
		C353734430280C270054E0D8 /* ShellViewModel.swift */ = {isa = PBXFileReference; lastKnownFileType = sourcecode.swift; path = ShellViewModel.swift; sourceTree = "<group>"; };
		C353734530280C270054E0D8 /* TerminalEngine.swift */ = {isa = PBXFileReference; lastKnownFileType = sourcecode.swift; path = TerminalEngine.swift; sourceTree = "<group>"; };
		C353734630280C270054E0D8 /* TerminalViewRepresentable.swift */ = {isa = PBXFileReference; lastKnownFileType = sourcecode.swift; path = TerminalViewRepresentable.swift; sourceTree = "<group>"; };
		C36B1B7B3037D21D0066C1F6 /* README.md */ = {isa = PBXFileReference; lastKnownFileType = net.daringfireball.markdown; path = README.md; sourceTree = "<group>"; };
		C37046092F79A36500603593 /* Horizon.app */ = {isa = PBXFileReference; explicitFileType = wrapper.application; includeInIndex = 0; path = Horizon.app; sourceTree = BUILT_PRODUCTS_DIR; };
		E4D5A04C6FFB434A72FBEF05 /* Pods-Horizon.debug.xcconfig */ = {isa = PBXFileReference; includeInIndex = 1; lastKnownFileType = text.xcconfig; name = "Pods-Horizon.debug.xcconfig"; path = "Target Support Files/Pods-Horizon/Pods-Horizon.debug.xcconfig"; sourceTree = "<group>"; };
/* End PBXFileReference section */

/* Begin PBXFrameworksBuildPhase section */
		C37046062F79A36500603593 /* Frameworks */ = {
			isa = PBXFrameworksBuildPhase;
			buildActionMask = 2147483647;
			files = (
				C330D671304B9A60005DF1C4 /* CRC in Frameworks */,
				C330D65D304B98BF005DF1C4 /* snippet-extract in Frameworks */,
				C34945B7304C76E400906B16 /* SwifterSwiftUIKitNoIBInspectable in Frameworks */,
				C34945A1304C76E400906B16 /* SwifterSwiftDispatch in Frameworks */,
				C31FAED13054FF3800EE91EC /* SwiftTerm in Frameworks */,
				C3E0CB023044CE44007384B3 /* Progress in Frameworks */,
				C3494593304C76E400906B16 /* SwifterSwift in Frameworks */,
				C34945A3304C76E400906B16 /* SwifterSwiftFoundation in Frameworks */,
				C34945AB304C76E400906B16 /* SwifterSwiftSceneKit in Frameworks */,
				C330D66D304B9A60005DF1C4 /* Base16 in Frameworks */,
				C3E0CAFF3044CE10007384B3 /* CLISpinner in Frameworks */,
				C3494599304C76E400906B16 /* SwifterSwiftCoreAnimation in Frameworks */,
				C3494597304C76E400906B16 /* SwifterSwiftAppKitNoIBInspectable in Frameworks */,
				C330D679304B9A60005DF1C4 /* SHA1 in Frameworks */,
				C349459B304C76E400906B16 /* SwifterSwiftCoreGraphics in Frameworks */,
				C31FAEE03054FF7E00EE91EC /* termcast in Frameworks */,
				C31FAED33054FF3800EE91EC /* SwiftTermBuildInfoGenerator in Frameworks */,
				C31FAEDC3054FF7E00EE91EC /* SwiftTermBuildInfoGenerator in Frameworks */,
				C3E0CAF93044CD87007384B3 /* Rainbow in Frameworks */,
				C330D65A304B9898005DF1C4 /* generate-manual in Frameworks */,
				C330D675304B9A60005DF1C4 /* MD5 in Frameworks */,
				C349459F304C76E400906B16 /* SwifterSwiftCryptoKit in Frameworks */,
				C34945A5304C76E400906B16 /* SwifterSwiftHealthKit in Frameworks */,
				C330D658304B9898005DF1C4 /* generate-docc-reference in Frameworks */,
				C3494595304C76E400906B16 /* SwifterSwiftAppKit in Frameworks */,
				C34945B9304C76E400906B16 /* SwifterSwiftWebKit in Frameworks */,
				C34945AD304C76E400906B16 /* SwifterSwiftShared in Frameworks */,
				C330D662304B9903005DF1C4 /* PNG in Frameworks */,
				C3E0CAFC3044CDF1007384B3 /* Yams in Frameworks */,
				C330D680304BBB8D005DF1C4 /* SymbolKit in Frameworks */,
				C34945B3304C76E400906B16 /* SwifterSwiftSwiftStdlib in Frameworks */,
				C34945A7304C76E400906B16 /* SwifterSwiftMapKit in Frameworks */,
				C330D673304B9A60005DF1C4 /* InlineBuffer in Frameworks */,
				C330D683304BBBCB005DF1C4 /* SystemPackage in Frameworks */,
				C330D66A304B997E005DF1C4 /* Subprocess in Frameworks */,
				C31FAED53054FF3800EE91EC /* SwiftTermFuzz in Frameworks */,
				C330D666304B9903005DF1C4 /* decompression-benchmark in Frameworks */,
				C34945B1304C76E400906B16 /* SwifterSwiftStoreKit in Frameworks */,
				C31FAEDA3054FF7E00EE91EC /* SwiftTerm in Frameworks */,
				C349459D304C76E400906B16 /* SwifterSwiftCoreLocation in Frameworks */,
				C330D677304B9A60005DF1C4 /* MessageAuthentication in Frameworks */,
				C330D67D304B9A60005DF1C4 /* UUID in Frameworks */,
				C330D66F304B9A60005DF1C4 /* Base64 in Frameworks */,
				C34945B5304C76E400906B16 /* SwifterSwiftUIKit in Frameworks */,
				C330D656304B9898005DF1C4 /* ArgumentParser in Frameworks */,
				C330D660304B9903005DF1C4 /* LZ77 in Frameworks */,
				C31FAEDE3054FF7E00EE91EC /* SwiftTermFuzz in Frameworks */,
				C330D67B304B9A60005DF1C4 /* SHA2 in Frameworks */,
				C34945AF304C76E400906B16 /* SwifterSwiftSpriteKit in Frameworks */,
				C34945A9304C76E400906B16 /* SwifterSwiftNoIBInspectable in Frameworks */,
				C330D664304B9903005DF1C4 /* compression-benchmark in Frameworks */,
				17C66E1D5AF32B367F3A28D4 /* Pods_Horizon.framework in Frameworks */,
				C31FAED73054FF3800EE91EC /* termcast in Frameworks */,
			);
			runOnlyForDeploymentPostprocessing = 0;
		};
/* End PBXFrameworksBuildPhase section */

/* Begin PBXGroup section */
		1A214E30B0D41365BF62FB43 /* Pods */ = {
			isa = PBXGroup;
			children = (
				E4D5A04C6FFB434A72FBEF05 /* Pods-Horizon.debug.xcconfig */,
				ADFC67DC68F10606B0DE6D1D /* Pods-Horizon.release.xcconfig */,
			);
			path = Pods;
			sourceTree = "<group>";
		};
		C353734730280C270054E0D8 /* Horizon */ = {
			isa = PBXGroup;
			children = (
				C36B1B7B3037D21D0066C1F6 /* README.md */,
				C353733730280C270054E0D8 /* AppIcon.icon */,
				C353733830280C270054E0D8 /* Aurora_shellApp.swift */,
				C353733930280C270054E0D8 /* Aurora-shell.entitlements */,
				C353733A30280C270054E0D8 /* EditorView.swift */,
				C353733B30280C270054E0D8 /* FileViewerView.swift */,
				C353733D30280C270054E0D8 /* LiquidBackground.swift */,
				C353733E30280C270054E0D8 /* LockScreenView.swift */,
				C353733F30280C270054E0D8 /* MainView.swift */,
				C353734030280C270054E0D8 /* NotMacView.swift */,
				C353734130280C270054E0D8 /* PTYBridge.swift */,
				C353734230280C270054E0D8 /* SandboxedShell.swift */,
				C353734330280C270054E0D8 /* ShellModel.swift */,
				C353734430280C270054E0D8 /* ShellViewModel.swift */,
				C353734530280C270054E0D8 /* TerminalEngine.swift */,
				C353734630280C270054E0D8 /* TerminalViewRepresentable.swift */,
			);
			path = Horizon;
			sourceTree = "<group>";
		};
		C37046002F79A36500603593 = {
			isa = PBXGroup;
			children = (
				C353734730280C270054E0D8 /* Horizon */,
				C370460A2F79A36500603593 /* Products */,
				1A214E30B0D41365BF62FB43 /* Pods */,
				E6641522A01B19358F776B46 /* Frameworks */,
			);
			sourceTree = "<group>";
		};
		C370460A2F79A36500603593 /* Products */ = {
			isa = PBXGroup;
			children = (
				C37046092F79A36500603593 /* Horizon.app */,
			);
			name = Products;
			sourceTree = "<group>";
		};
		E6641522A01B19358F776B46 /* Frameworks */ = {
			isa = PBXGroup;
			children = (
				3578B2A29B0FA9DBB3A44A1E /* Pods_Horizon.framework */,
			);
			name = Frameworks;
			sourceTree = "<group>";
		};
/* End PBXGroup section */

/* Begin PBXNativeTarget section */
		C37046082F79A36500603593 /* Horizon */ = {
			isa = PBXNativeTarget;
			buildConfigurationList = C37046142F79A36700603593 /* Build configuration list for PBXNativeTarget "Horizon" */;
			buildPhases = (
				70D8D62E01F42724D09F2FDD /* [CP] Check Pods Manifest.lock */,
				C37046052F79A36500603593 /* Sources */,
				C37046062F79A36500603593 /* Frameworks */,
				C37046072F79A36500603593 /* Resources */,
				C39A22F82F849FAE00745502 /* Embed Frameworks */,
				CBF263C7F2F80C024DEDC47D /* [CP] Embed Pods Frameworks */,
				C31FAECE3054FD4A00EE91EC /* ShellScript */,
			);
			buildRules = (
			);
			dependencies = (
			);
			name = Horizon;
			packageProductDependencies = (
				C3E0CAF83044CD87007384B3 /* Rainbow */,
				C3E0CAFB3044CDF1007384B3 /* Yams */,
				C3E0CAFE3044CE10007384B3 /* CLISpinner */,
				C3E0CB013044CE44007384B3 /* Progress */,
				C330D655304B9898005DF1C4 /* ArgumentParser */,
				C330D657304B9898005DF1C4 /* generate-docc-reference */,
				C330D659304B9898005DF1C4 /* generate-manual */,
				C330D65C304B98BF005DF1C4 /* snippet-extract */,
				C330D65F304B9903005DF1C4 /* LZ77 */,
				C330D661304B9903005DF1C4 /* PNG */,
				C330D663304B9903005DF1C4 /* compression-benchmark */,
				C330D665304B9903005DF1C4 /* decompression-benchmark */,
				C330D669304B997E005DF1C4 /* Subprocess */,
				C330D66C304B9A60005DF1C4 /* Base16 */,
				C330D66E304B9A60005DF1C4 /* Base64 */,
				C330D670304B9A60005DF1C4 /* CRC */,
				C330D672304B9A60005DF1C4 /* InlineBuffer */,
				C330D674304B9A60005DF1C4 /* MD5 */,
				C330D676304B9A60005DF1C4 /* MessageAuthentication */,
				C330D678304B9A60005DF1C4 /* SHA1 */,
				C330D67A304B9A60005DF1C4 /* SHA2 */,
				C330D67C304B9A60005DF1C4 /* UUID */,
				C330D67F304BBB8D005DF1C4 /* SymbolKit */,
				C330D682304BBBCB005DF1C4 /* SystemPackage */,
				C3494592304C76E400906B16 /* SwifterSwift */,
				C3494594304C76E400906B16 /* SwifterSwiftAppKit */,
				C3494596304C76E400906B16 /* SwifterSwiftAppKitNoIBInspectable */,
				C3494598304C76E400906B16 /* SwifterSwiftCoreAnimation */,
				C349459A304C76E400906B16 /* SwifterSwiftCoreGraphics */,
				C349459C304C76E400906B16 /* SwifterSwiftCoreLocation */,
				C349459E304C76E400906B16 /* SwifterSwiftCryptoKit */,
				C34945A0304C76E400906B16 /* SwifterSwiftDispatch */,
				C34945A2304C76E400906B16 /* SwifterSwiftFoundation */,
				C34945A4304C76E400906B16 /* SwifterSwiftHealthKit */,
				C34945A6304C76E400906B16 /* SwifterSwiftMapKit */,
				C34945A8304C76E400906B16 /* SwifterSwiftNoIBInspectable */,
				C34945AA304C76E400906B16 /* SwifterSwiftSceneKit */,
				C34945AC304C76E400906B16 /* SwifterSwiftShared */,
				C34945AE304C76E400906B16 /* SwifterSwiftSpriteKit */,
				C34945B0304C76E400906B16 /* SwifterSwiftStoreKit */,
				C34945B2304C76E400906B16 /* SwifterSwiftSwiftStdlib */,
				C34945B4304C76E400906B16 /* SwifterSwiftUIKit */,
				C34945B6304C76E400906B16 /* SwifterSwiftUIKitNoIBInspectable */,
				C34945B8304C76E400906B16 /* SwifterSwiftWebKit */,
				C31FAED03054FF3800EE91EC /* SwiftTerm */,
				C31FAED23054FF3800EE91EC /* SwiftTermBuildInfoGenerator */,
				C31FAED43054FF3800EE91EC /* SwiftTermFuzz */,
				C31FAED63054FF3800EE91EC /* termcast */,
				C31FAED93054FF7E00EE91EC /* SwiftTerm */,
				C31FAEDB3054FF7E00EE91EC /* SwiftTermBuildInfoGenerator */,
				C31FAEDD3054FF7E00EE91EC /* SwiftTermFuzz */,
				C31FAEDF3054FF7E00EE91EC /* termcast */,
			);
			productName = "Aurora-Shell";
			productReference = C37046092F79A36500603593 /* Horizon.app */;
			productType = "com.apple.product-type.application";
		};
/* End PBXNativeTarget section */

/* Begin PBXProject section */
		C37046012F79A36500603593 /* Project object */ = {
			isa = PBXProject;
			attributes = {
				BuildIndependentTargetsInParallel = 1;
				LastSwiftUpdateCheck = 2640;
				LastUpgradeCheck = 2700;
				TargetAttributes = {
					C37046082F79A36500603593 = {
						CreatedOnToolsVersion = 26.4;
						LastSwiftMigration = 2640;
					};
				};
			};
			buildConfigurationList = C37046042F79A36500603593 /* Build configuration list for PBXProject "Horizon" */;
			developmentRegion = en;
			hasScannedForEncodings = 0;
			knownRegions = (
				en,
				Base,
			);
			mainGroup = C37046002F79A36500603593;
			minimizedProjectReferenceProxies = 1;
			packageReferences = (
				C3E0CAF73044CD87007384B3 /* XCRemoteSwiftPackageReference "Rainbow" */,
				C3E0CAFA3044CDF1007384B3 /* XCRemoteSwiftPackageReference "Yams" */,
				C3E0CAFD3044CE10007384B3 /* XCRemoteSwiftPackageReference "CLISpinner" */,
				C3E0CB003044CE44007384B3 /* XCRemoteSwiftPackageReference "Progress" */,
				C330D654304B9898005DF1C4 /* XCRemoteSwiftPackageReference "swift-argument-parser" */,
				C330D65B304B98BF005DF1C4 /* XCRemoteSwiftPackageReference "swift-docc-plugin" */,
				C330D65E304B9903005DF1C4 /* XCRemoteSwiftPackageReference "swift-png" */,
				C330D667304B9947005DF1C4 /* XCRemoteSwiftPackageReference "dollup" */,
				C330D668304B997E005DF1C4 /* XCRemoteSwiftPackageReference "swift-subprocess" */,
				C330D66B304B9A60005DF1C4 /* XCRemoteSwiftPackageReference "h" */,
				C330D67E304BBB8D005DF1C4 /* XCRemoteSwiftPackageReference "swift-docc-symbolkit" */,
				C330D681304BBBCB005DF1C4 /* XCRemoteSwiftPackageReference "swift-system" */,
				C3494591304C76E400906B16 /* XCRemoteSwiftPackageReference "SwifterSwift" */,
				C31FAED83054FF7E00EE91EC /* XCLocalSwiftPackageReference "SwiftTerm" */,
			);
			preferredProjectObjectVersion = 77;
			productRefGroup = C370460A2F79A36500603593 /* Products */;
			projectDirPath = "";
			projectRoot = "";
			targets = (
				C37046082F79A36500603593 /* Horizon */,
			);
		};
/* End PBXProject section */

/* Begin PBXResourcesBuildPhase section */
		C37046072F79A36500603593 /* Resources */ = {
			isa = PBXResourcesBuildPhase;
			buildActionMask = 2147483647;
			files = (
				C36B1B7C3037D2260066C1F6 /* README.md in Resources */,
				C353734930280C270054E0D8 /* AppIcon.icon in Resources */,
			);
			runOnlyForDeploymentPostprocessing = 0;
		};
/* End PBXResourcesBuildPhase section */

/* Begin PBXShellScriptBuildPhase section */
		70D8D62E01F42724D09F2FDD /* [CP] Check Pods Manifest.lock */ = {
			isa = PBXShellScriptBuildPhase;
			buildActionMask = 2147483647;
			files = (
			);
			inputFileListPaths = (
			);
			inputPaths = (
				"${PODS_PODFILE_DIR_PATH}/Podfile.lock",
				"${PODS_ROOT}/Manifest.lock",
			);
			name = "[CP] Check Pods Manifest.lock";
			outputFileListPaths = (
			);
			outputPaths = (
				"$(DERIVED_FILE_DIR)/Pods-Horizon-checkManifestLockResult.txt",
			);
			runOnlyForDeploymentPostprocessing = 0;
			shellPath = /bin/sh;
			shellScript = "diff \"${PODS_PODFILE_DIR_PATH}/Podfile.lock\" \"${PODS_ROOT}/Manifest.lock\" > /dev/null\nif [ $? != 0 ] ; then\n    # print error to STDERR\n    echo \"error: The sandbox is not in sync with the Podfile.lock. Run 'pod install' or update your CocoaPods installation.\" >&2\n    exit 1\nfi\n# This output is used by Xcode 'outputs' to avoid re-running this script phase.\necho \"SUCCESS\" > \"${SCRIPT_OUTPUT_FILE_0}\"\n";
			showEnvVarsInLog = 0;
		};
		C31FAECE3054FD4A00EE91EC /* ShellScript */ = {
			isa = PBXShellScriptBuildPhase;
			buildActionMask = 2147483647;
			files = (
			);
			inputFileListPaths = (
			);
			inputPaths = (
			);
			outputFileListPaths = (
			);
			outputPaths = (
				"/Users/YashB/Library/Developer/Xcode/DerivedData/Horizon-fgvybijxafrbcserbenzrpasbzvz/Build/Intermediates.noindex/BuildToolPluginIntermediates/swiftterm.output/SwiftTerm/SwiftTermBuildToolInfoPlugin/generated/SwiftTermBuildToolInfoPlugin.swift",
				"/Users/YashB/Library/Developer/Xcode/DerivedData/Horizon-fgvybijxafrbcserbenzrpasbzvz/Build/Intermediates.noindex/BuildToolPluginIntermediates/swiftterm.output/SwiftTerm/SwiftTermBuildToolInfoPlugin/generated/SwiftTermTerminfo.swift",
				"/Users/YashB/Library/Developer/Xcode/DerivedData/Horizon-fgvybijxafrbcserbenzrpasbzvz/Build/Intermediates.noindex/BuildToolPluginIntermediates/swiftterm.output/SwiftTerm/SwiftTermBuildToolInfoPlugin/Generated/SwiftTermBuildInfo.swift",
				"/Users/YashB/Library/Developer/Xcode/DerivedData/Horizon-fgvybijxafrbcserbenzrpasbzvz/Build/Intermediates.noindex/BuildToolPluginIntermediates/swiftterm.output/SwiftTerm/SwiftTermBuildToolInfoPlugin/Generated/SwiftTermTerminfo.swift",
			);
			runOnlyForDeploymentPostprocessing = 0;
			shellPath = /bin/sh;
			shellScript = "# Type a script or drag a script file from your workspace to insert its path.\nTARGET_DIR=\"/Users/YashB/Library/Developer/Xcode/DerivedData/Horizon-fgvybijxafrbcserbenzrpasbzvz/Build/Intermediates.noindex/BuildToolPluginIntermediates/swiftterm.output/SwiftTerm/SwiftTermBuildToolInfoPlugin\"\nmkdir -p \"$TARGET_DIR/generated\" \"$TARGET_DIR/Generated\"\necho \"public enum SwiftTermBuildToolInfoPlugin { public static let version = \\\"1.2.0\\\"; public static let buildDate = \\\"2026-09-11\\\" }\" > \"$TARGET_DIR/generated/SwiftTermBuildToolInfoPlugin.swift\"\necho \"public enum SwiftTermTerminfo { public static let compiledTerminfo = \\\"\\\" }\" > \"$TARGET_DIR/generated/SwiftTermTerminfo.swift\"\necho \"public enum SwiftTermBuildInfo { public static let version = \\\"1.2.0\\\"; public static let buildDate = \\\"2026-09-11\\\" }\" > \"$TARGET_DIR/Generated/SwiftTermBuildInfo.swift\"\necho \"public enum SwiftTermTerminfo { public static let compiledTerminfo = \\\"\\\" }\" > \"$TARGET_DIR/Generated/SwiftTermTerminfo.swift\"\n";
		};
		CBF263C7F2F80C024DEDC47D /* [CP] Embed Pods Frameworks */ = {
			isa = PBXShellScriptBuildPhase;
			buildActionMask = 2147483647;
			files = (
			);
			inputFileListPaths = (
				"${PODS_ROOT}/Target Support Files/Pods-Horizon/Pods-Horizon-frameworks-${CONFIGURATION}-input-files.xcfilelist",
			);
			inputPaths = (
			);
			name = "[CP] Embed Pods Frameworks";
			outputFileListPaths = (
				"${PODS_ROOT}/Target Support Files/Pods-Horizon/Pods-Horizon-frameworks-${CONFIGURATION}-output-files.xcfilelist",
			);
			outputPaths = (
			);
			runOnlyForDeploymentPostprocessing = 0;
			shellPath = /bin/sh;
			shellScript = "\"${PODS_ROOT}/Target Support Files/Pods-Horizon/Pods-Horizon-frameworks.sh\"\n";
			showEnvVarsInLog = 0;
		};
/* End PBXShellScriptBuildPhase section */

/* Begin PBXSourcesBuildPhase section */
		C37046052F79A36500603593 /* Sources */ = {
			isa = PBXSourcesBuildPhase;
			buildActionMask = 2147483647;
			files = (
				C353734A30280C270054E0D8 /* LockScreenView.swift in Sources */,
				C353734B30280C270054E0D8 /* TerminalViewRepresentable.swift in Sources */,
				C353734C30280C270054E0D8 /* SandboxedShell.swift in Sources */,
				C353734D30280C270054E0D8 /* MainView.swift in Sources */,
				C353734E30280C270054E0D8 /* FileViewerView.swift in Sources */,
				C353734F30280C270054E0D8 /* ShellModel.swift in Sources */,
				C353735030280C270054E0D8 /* EditorView.swift in Sources */,
				C353735130280C270054E0D8 /* TerminalEngine.swift in Sources */,
				C353735230280C270054E0D8 /* PTYBridge.swift in Sources */,
				C353735330280C270054E0D8 /* NotMacView.swift in Sources */,
				C353735430280C270054E0D8 /* ShellViewModel.swift in Sources */,
				C353735530280C270054E0D8 /* Aurora_shellApp.swift in Sources */,
				C353735630280C270054E0D8 /* LiquidBackground.swift in Sources */,
			);
			runOnlyForDeploymentPostprocessing = 0;
		};
/* End PBXSourcesBuildPhase section */

/* Begin XCBuildConfiguration section */
		C37046122F79A36700603593 /* Debug */ = {
			isa = XCBuildConfiguration;
			buildSettings = {
				ALWAYS_SEARCH_USER_PATHS = NO;
				ASSETCATALOG_COMPILER_GENERATE_SWIFT_ASSET_SYMBOL_EXTENSIONS = YES;
				CLANG_ANALYZER_NONNULL = YES;
				CLANG_ANALYZER_NUMBER_OBJECT_CONVERSION = YES_AGGRESSIVE;
				CLANG_CXX_LANGUAGE_STANDARD = "gnu++20";
				CLANG_ENABLE_MODULES = YES;
				CLANG_ENABLE_OBJC_ARC = YES;
				CLANG_ENABLE_OBJC_WEAK = YES;
				CLANG_WARN_BLOCK_CAPTURE_AUTORELEASING = YES;
				CLANG_WARN_BOOL_CONVERSION = YES;
				CLANG_WARN_COMMA = YES;
				CLANG_WARN_CONSTANT_CONVERSION = YES;
				CLANG_WARN_DEPRECATED_OBJC_IMPLEMENTATIONS = YES;
				CLANG_WARN_DIRECT_OBJC_ISA_USAGE = YES_ERROR;
				CLANG_WARN_DOCUMENTATION_COMMENTS = YES;
				CLANG_WARN_EMPTY_BODY = YES;
				CLANG_WARN_ENUM_CONVERSION = YES;
				CLANG_WARN_INFINITE_RECURSION = YES;
				CLANG_WARN_INT_CONVERSION = YES;
				CLANG_WARN_NON_LITERAL_NULL_CONVERSION = YES;
				CLANG_WARN_OBJC_IMPLICIT_RETAIN_SELF = YES;
				CLANG_WARN_OBJC_LITERAL_CONVERSION = YES;
				CLANG_WARN_OBJC_ROOT_CLASS = YES_ERROR;
				CLANG_WARN_QUOTED_INCLUDE_IN_FRAMEWORK_HEADER = YES;
				CLANG_WARN_RANGE_LOOP_ANALYSIS = YES;
				CLANG_WARN_STRICT_PROTOTYPES = YES;
				CLANG_WARN_SUSPICIOUS_MOVE = YES;
				CLANG_WARN_UNGUARDED_AVAILABILITY = YES_AGGRESSIVE;
				CLANG_WARN_UNREACHABLE_CODE = YES;
				CLANG_WARN__DUPLICATE_METHOD_MATCH = YES;
				COPY_PHASE_STRIP = NO;
				DEAD_CODE_STRIPPING = YES;
				DEBUG_INFORMATION_FORMAT = dwarf;
				ENABLE_STRICT_OBJC_MSGSEND = YES;
				ENABLE_TESTABILITY = YES;
				ENABLE_USER_SCRIPT_SANDBOXING = YES;
				GCC_C_LANGUAGE_STANDARD = gnu17;
				GCC_DYNAMIC_NO_PIC = NO;
				GCC_NO_COMMON_BLOCKS = YES;
				GCC_OPTIMIZATION_LEVEL = 0;
				GCC_PREPROCESSOR_DEFINITIONS = (
					"DEBUG=1",
					"$(inherited)",
				);
				GCC_WARN_64_TO_32_BIT_CONVERSION = YES;
				GCC_WARN_ABOUT_RETURN_TYPE = YES_ERROR;
				GCC_WARN_UNDECLARED_SELECTOR = YES;
				GCC_WARN_UNINITIALIZED_AUTOS = YES_AGGRESSIVE;
				GCC_WARN_UNUSED_FUNCTION = YES;
				GCC_WARN_UNUSED_VARIABLE = YES;
				LOCALIZATION_PREFERS_STRING_CATALOGS = YES;
				MACOSX_DEPLOYMENT_TARGET = 26.3;
				MTL_ENABLE_DEBUG_INFO = INCLUDE_SOURCE;
				MTL_FAST_MATH = YES;
				ONLY_ACTIVE_ARCH = YES;
				PRODUCT_NAME = "$(TARGET_NAME)";
				SDKROOT = macosx;
				STRING_CATALOG_GENERATE_SYMBOLS = YES;
				SWIFT_ACTIVE_COMPILATION_CONDITIONS = "DEBUG $(inherited)";
				SWIFT_OPTIMIZATION_LEVEL = "-Onone";
			};
			name = Debug;
		};
		C37046132F79A36700603593 /* Release */ = {
			isa = XCBuildConfiguration;
			buildSettings = {
				ALWAYS_SEARCH_USER_PATHS = NO;
				ASSETCATALOG_COMPILER_GENERATE_SWIFT_ASSET_SYMBOL_EXTENSIONS = YES;
				CLANG_ANALYZER_NONNULL = YES;
				CLANG_ANALYZER_NUMBER_OBJECT_CONVERSION = YES_AGGRESSIVE;
				CLANG_CXX_LANGUAGE_STANDARD = "gnu++20";
				CLANG_ENABLE_MODULES = YES;
				CLANG_ENABLE_OBJC_ARC = YES;
				CLANG_ENABLE_OBJC_WEAK = YES;
				CLANG_WARN_BLOCK_CAPTURE_AUTORELEASING = YES;
				CLANG_WARN_BOOL_CONVERSION = YES;
				CLANG_WARN_COMMA = YES;
				CLANG_WARN_CONSTANT_CONVERSION = YES;
				CLANG_WARN_DEPRECATED_OBJC_IMPLEMENTATIONS = YES;
				CLANG_WARN_DIRECT_OBJC_ISA_USAGE = YES_ERROR;
				CLANG_WARN_DOCUMENTATION_COMMENTS = YES;
				CLANG_WARN_EMPTY_BODY = YES;
				CLANG_WARN_ENUM_CONVERSION = YES;
				CLANG_WARN_INFINITE_RECURSION = YES;
				CLANG_WARN_INT_CONVERSION = YES;
				CLANG_WARN_NON_LITERAL_NULL_CONVERSION = YES;
				CLANG_WARN_OBJC_IMPLICIT_RETAIN_SELF = YES;
				CLANG_WARN_OBJC_LITERAL_CONVERSION = YES;
				CLANG_WARN_OBJC_ROOT_CLASS = YES_ERROR;
				CLANG_WARN_QUOTED_INCLUDE_IN_FRAMEWORK_HEADER = YES;
				CLANG_WARN_RANGE_LOOP_ANALYSIS = YES;
				CLANG_WARN_STRICT_PROTOTYPES = YES;
				CLANG_WARN_SUSPICIOUS_MOVE = YES;
				CLANG_WARN_UNGUARDED_AVAILABILITY = YES_AGGRESSIVE;
				CLANG_WARN_UNREACHABLE_CODE = YES;
				CLANG_WARN__DUPLICATE_METHOD_MATCH = YES;
				COPY_PHASE_STRIP = NO;
				DEAD_CODE_STRIPPING = YES;
				DEBUG_INFORMATION_FORMAT = "dwarf-with-dsym";
				ENABLE_NS_ASSERTIONS = NO;
				ENABLE_STRICT_OBJC_MSGSEND = YES;
				ENABLE_USER_SCRIPT_SANDBOXING = YES;
				GCC_C_LANGUAGE_STANDARD = gnu17;
				GCC_NO_COMMON_BLOCKS = YES;
				GCC_WARN_64_TO_32_BIT_CONVERSION = YES;
				GCC_WARN_ABOUT_RETURN_TYPE = YES_ERROR;
				GCC_WARN_UNDECLARED_SELECTOR = YES;
				GCC_WARN_UNINITIALIZED_AUTOS = YES_AGGRESSIVE;
				GCC_WARN_UNUSED_FUNCTION = YES;
				GCC_WARN_UNUSED_VARIABLE = YES;
				LOCALIZATION_PREFERS_STRING_CATALOGS = YES;
				MACOSX_DEPLOYMENT_TARGET = 26.3;
				MTL_ENABLE_DEBUG_INFO = NO;
				MTL_FAST_MATH = YES;
				PRODUCT_NAME = "$(TARGET_NAME)";
				SDKROOT = macosx;
				STRING_CATALOG_GENERATE_SYMBOLS = YES;
				SWIFT_COMPILATION_MODE = wholemodule;
			};
			name = Release;
		};
		C37046152F79A36700603593 /* Debug */ = {
			isa = XCBuildConfiguration;
			baseConfigurationReference = E4D5A04C6FFB434A72FBEF05 /* Pods-Horizon.debug.xcconfig */;
			buildSettings = {
				ALLOW_TARGET_PLATFORM_SPECIALIZATION = YES;
				ASSETCATALOG_COMPILER_APPICON_NAME = AppIcon;
				ASSETCATALOG_COMPILER_GLOBAL_ACCENT_COLOR_NAME = AccentColor;
				ASSETCATALOG_COMPILER_INCLUDE_ALL_APPICON_ASSETS = YES;
				AUTOMATION_APPLE_EVENTS = YES;
				CLANG_ENABLE_MODULES = YES;
				CODE_SIGN_ENTITLEMENTS = "Horizon/Aurora-Shell.entitlements";
				CODE_SIGN_IDENTITY = "Apple Development";
				CODE_SIGN_STYLE = Automatic;
				COMBINE_HIDPI_IMAGES = YES;
				CURRENT_PROJECT_VERSION = 1;
				DEAD_CODE_STRIPPING = YES;
				DEVELOPMENT_TEAM = 25X4VXN3L2;
				ENABLE_APP_SANDBOX = NO;
				ENABLE_HARDENED_RUNTIME = YES;
				ENABLE_OUTGOING_NETWORK_CONNECTIONS = YES;
				ENABLE_PREVIEWS = YES;
				ENABLE_RESOURCE_ACCESS_AUDIO_INPUT = YES;
				ENABLE_RESOURCE_ACCESS_CALENDARS = YES;
				ENABLE_RESOURCE_ACCESS_CAMERA = YES;
				ENABLE_RESOURCE_ACCESS_CONTACTS = YES;
				ENABLE_RESOURCE_ACCESS_LOCATION = YES;
				ENABLE_RESOURCE_ACCESS_PHOTO_LIBRARY = YES;
				ENABLE_USER_SELECTED_FILES = readonly;
				GENERATE_INFOPLIST_FILE = YES;
				INFOPLIST_FILE = Horizon/Info.plist;
				INFOPLIST_KEY_CFBundleDisplayName = Horizon;
				INFOPLIST_KEY_LSApplicationCategoryType = "public.app-category.utilities";
				INFOPLIST_KEY_NSAppDataUsageDescription = "to edit like a real terminal";
				INFOPLIST_KEY_NSHumanReadableCopyright = "";
				IPHONEOS_DEPLOYMENT_TARGET = "$(RECOMMENDED_IPHONEOS_DEPLOYMENT_TARGET)";
				LD_RUNPATH_SEARCH_PATHS = "$(inherited)";
				MACOSX_DEPLOYMENT_TARGET = "$(RECOMMENDED_MACOSX_DEPLOYMENT_TARGET)";
				MARKETING_VERSION = 4.4.8;
				PRODUCT_BUNDLE_IDENTIFIER = com.yashb.Horizon;
				PRODUCT_NAME = "$(TARGET_NAME)";
				PROVISIONING_PROFILE_SPECIFIER = "";
				REGISTER_APP_GROUPS = YES;
				RUNTIME_EXCEPTION_ALLOW_DYLD_ENVIRONMENT_VARIABLES = YES;
				RUNTIME_EXCEPTION_ALLOW_JIT = YES;
				RUNTIME_EXCEPTION_ALLOW_UNSIGNED_EXECUTABLE_MEMORY = YES;
				RUNTIME_EXCEPTION_DEBUGGING_TOOL = YES;
				RUNTIME_EXCEPTION_DISABLE_EXECUTABLE_PAGE_PROTECTION = YES;
				RUNTIME_EXCEPTION_DISABLE_LIBRARY_VALIDATION = YES;
				STRING_CATALOG_GENERATE_SYMBOLS = YES;
				SUPPORTED_PLATFORMS = "xrsimulator xros watchsimulator watchos macosx iphonesimulator iphoneos driverkit appletvsimulator appletvos";
				SUPPORTS_MACCATALYST = YES;
				SUPPORTS_MAC_DESIGNED_FOR_IPHONE_IPAD = YES;
				SUPPORTS_XR_DESIGNED_FOR_IPHONE_IPAD = YES;
				SWIFT_APPROACHABLE_CONCURRENCY = YES;
				SWIFT_DEFAULT_ACTOR_ISOLATION = MainActor;
				SWIFT_EMIT_LOC_STRINGS = YES;
				SWIFT_OPTIMIZATION_LEVEL = "-Onone";
				SWIFT_UPCOMING_FEATURE_MEMBER_IMPORT_VISIBILITY = YES;
				SWIFT_VERSION = 5.0;
				TARGETED_DEVICE_FAMILY = "1,2,3,4,6,7";
				TVOS_DEPLOYMENT_TARGET = "$(RECOMMENDED_TVOS_DEPLOYMENT_TARGET)";
				XROS_DEPLOYMENT_TARGET = "$(RECOMMENDED_XROS_DEPLOYMENT_TARGET)";
			};
			name = Debug;
		};
		C37046162F79A36700603593 /* Release */ = {
			isa = XCBuildConfiguration;
			baseConfigurationReference = ADFC67DC68F10606B0DE6D1D /* Pods-Horizon.release.xcconfig */;
			buildSettings = {
				ALLOW_TARGET_PLATFORM_SPECIALIZATION = YES;
				ASSETCATALOG_COMPILER_APPICON_NAME = AppIcon;
				ASSETCATALOG_COMPILER_GLOBAL_ACCENT_COLOR_NAME = AccentColor;
				ASSETCATALOG_COMPILER_INCLUDE_ALL_APPICON_ASSETS = YES;
				AUTOMATION_APPLE_EVENTS = YES;
				CLANG_ENABLE_MODULES = YES;
				CODE_SIGN_ENTITLEMENTS = "Horizon/Aurora-Shell.entitlements";
				CODE_SIGN_IDENTITY = "Apple Development";
				CODE_SIGN_STYLE = Automatic;
				COMBINE_HIDPI_IMAGES = YES;
				CURRENT_PROJECT_VERSION = 1;
				DEAD_CODE_STRIPPING = YES;
				DEVELOPMENT_TEAM = 25X4VXN3L2;
				ENABLE_APP_SANDBOX = NO;
				ENABLE_HARDENED_RUNTIME = YES;
				ENABLE_OUTGOING_NETWORK_CONNECTIONS = YES;
				ENABLE_PREVIEWS = YES;
				ENABLE_RESOURCE_ACCESS_AUDIO_INPUT = YES;
				ENABLE_RESOURCE_ACCESS_CALENDARS = YES;
				ENABLE_RESOURCE_ACCESS_CAMERA = YES;
				ENABLE_RESOURCE_ACCESS_CONTACTS = YES;
				ENABLE_RESOURCE_ACCESS_LOCATION = YES;
				ENABLE_RESOURCE_ACCESS_PHOTO_LIBRARY = YES;
				ENABLE_USER_SELECTED_FILES = readonly;
				GENERATE_INFOPLIST_FILE = YES;
				INFOPLIST_FILE = Horizon/Info.plist;
				INFOPLIST_KEY_CFBundleDisplayName = Horizon;
				INFOPLIST_KEY_LSApplicationCategoryType = "public.app-category.utilities";
				INFOPLIST_KEY_NSAppDataUsageDescription = "to edit like a real terminal";
				INFOPLIST_KEY_NSHumanReadableCopyright = "";
				IPHONEOS_DEPLOYMENT_TARGET = "$(RECOMMENDED_IPHONEOS_DEPLOYMENT_TARGET)";
				LD_RUNPATH_SEARCH_PATHS = "$(inherited)";
				MACOSX_DEPLOYMENT_TARGET = "$(RECOMMENDED_MACOSX_DEPLOYMENT_TARGET)";
				MARKETING_VERSION = 4.4.8;
				PRODUCT_BUNDLE_IDENTIFIER = com.yashb.Horizon;
				PRODUCT_NAME = "$(TARGET_NAME)";
				PROVISIONING_PROFILE_SPECIFIER = "";
				REGISTER_APP_GROUPS = YES;
				RUNTIME_EXCEPTION_ALLOW_DYLD_ENVIRONMENT_VARIABLES = YES;
				RUNTIME_EXCEPTION_ALLOW_JIT = YES;
				RUNTIME_EXCEPTION_ALLOW_UNSIGNED_EXECUTABLE_MEMORY = YES;
				RUNTIME_EXCEPTION_DEBUGGING_TOOL = YES;
				RUNTIME_EXCEPTION_DISABLE_EXECUTABLE_PAGE_PROTECTION = YES;
				RUNTIME_EXCEPTION_DISABLE_LIBRARY_VALIDATION = YES;
				STRING_CATALOG_GENERATE_SYMBOLS = YES;
				SUPPORTED_PLATFORMS = "xrsimulator xros watchsimulator watchos macosx iphonesimulator iphoneos driverkit appletvsimulator appletvos";
				SUPPORTS_MACCATALYST = YES;
				SUPPORTS_MAC_DESIGNED_FOR_IPHONE_IPAD = YES;
				SUPPORTS_XR_DESIGNED_FOR_IPHONE_IPAD = YES;
				SWIFT_APPROACHABLE_CONCURRENCY = YES;
				SWIFT_DEFAULT_ACTOR_ISOLATION = MainActor;
				SWIFT_EMIT_LOC_STRINGS = YES;
				SWIFT_UPCOMING_FEATURE_MEMBER_IMPORT_VISIBILITY = YES;
				SWIFT_VERSION = 5.0;
				TARGETED_DEVICE_FAMILY = "1,2,3,4,6,7";
				TVOS_DEPLOYMENT_TARGET = "$(RECOMMENDED_TVOS_DEPLOYMENT_TARGET)";
				XROS_DEPLOYMENT_TARGET = "$(RECOMMENDED_XROS_DEPLOYMENT_TARGET)";
			};
			name = Release;
		};
/* End XCBuildConfiguration section */

/* Begin XCConfigurationList section */
		C37046042F79A36500603593 /* Build configuration list for PBXProject "Horizon" */ = {
			isa = XCConfigurationList;
			buildConfigurations = (
				C37046122F79A36700603593 /* Debug */,
				C37046132F79A36700603593 /* Release */,
			);
			defaultConfigurationIsVisible = 0;
			defaultConfigurationName = Release;
		};
		C37046142F79A36700603593 /* Build configuration list for PBXNativeTarget "Horizon" */ = {
			isa = XCConfigurationList;
			buildConfigurations = (
				C37046152F79A36700603593 /* Debug */,
				C37046162F79A36700603593 /* Release */,
			);
			defaultConfigurationIsVisible = 0;
			defaultConfigurationName = Release;
		};
/* End XCConfigurationList section */

/* Begin XCLocalSwiftPackageReference section */
		C31FAED83054FF7E00EE91EC /* XCLocalSwiftPackageReference "SwiftTerm" */ = {
			isa = XCLocalSwiftPackageReference;
			relativePath = SwiftTerm;
			traits = (
			);
		};
/* End XCLocalSwiftPackageReference section */

/* Begin XCRemoteSwiftPackageReference section */
		C330D654304B9898005DF1C4 /* XCRemoteSwiftPackageReference "swift-argument-parser" */ = {
			isa = XCRemoteSwiftPackageReference;
			repositoryURL = "https://github.com/apple/swift-argument-parser";
			requirement = {
				branch = main;
				kind = branch;
			};
		};
		C330D65B304B98BF005DF1C4 /* XCRemoteSwiftPackageReference "swift-docc-plugin" */ = {
			isa = XCRemoteSwiftPackageReference;
			repositoryURL = "https://github.com/apple/swift-docc-plugin";
			requirement = {
				branch = main;
				kind = branch;
			};
		};
		C330D65E304B9903005DF1C4 /* XCRemoteSwiftPackageReference "swift-png" */ = {
			isa = XCRemoteSwiftPackageReference;
			repositoryURL = "https://github.com/tayloraswift/swift-png";
			requirement = {
				branch = master;
				kind = branch;
			};
		};
		C330D667304B9947005DF1C4 /* XCRemoteSwiftPackageReference "dollup" */ = {
			isa = XCRemoteSwiftPackageReference;
			repositoryURL = "https://github.com/ordo-one/dollup";
			requirement = {
				branch = master;
				kind = branch;
			};
		};
		C330D668304B997E005DF1C4 /* XCRemoteSwiftPackageReference "swift-subprocess" */ = {
			isa = XCRemoteSwiftPackageReference;
			repositoryURL = "https://github.com/swiftlang/swift-subprocess";
			requirement = {
				branch = main;
				kind = branch;
			};
		};
		C330D66B304B9A60005DF1C4 /* XCRemoteSwiftPackageReference "h" */ = {
			isa = XCRemoteSwiftPackageReference;
			repositoryURL = "https://github.com/rarestype/h";
			requirement = {
				branch = master;
				kind = branch;
			};
		};
		C330D67E304BBB8D005DF1C4 /* XCRemoteSwiftPackageReference "swift-docc-symbolkit" */ = {
			isa = XCRemoteSwiftPackageReference;
			repositoryURL = "https://github.com/apple/swift-docc-symbolkit";
			requirement = {
				branch = main;
				kind = branch;
			};
		};
		C330D681304BBBCB005DF1C4 /* XCRemoteSwiftPackageReference "swift-system" */ = {
			isa = XCRemoteSwiftPackageReference;
			repositoryURL = "https://github.com/apple/swift-system";
			requirement = {
				branch = main;
				kind = branch;
			};
		};
		C3494591304C76E400906B16 /* XCRemoteSwiftPackageReference "SwifterSwift" */ = {
			isa = XCRemoteSwiftPackageReference;
			repositoryURL = "https://github.com/SwifterSwift/SwifterSwift";
			requirement = {
				branch = master;
				kind = branch;
			};
		};
		C3E0CAF73044CD87007384B3 /* XCRemoteSwiftPackageReference "Rainbow" */ = {
			isa = XCRemoteSwiftPackageReference;
			repositoryURL = "https://github.com/onevcat/Rainbow";
			requirement = {
				branch = master;
				kind = branch;
			};
		};
		C3E0CAFA3044CDF1007384B3 /* XCRemoteSwiftPackageReference "Yams" */ = {
			isa = XCRemoteSwiftPackageReference;
			repositoryURL = "https://github.com/jpsim/Yams";
			requirement = {
				branch = main;
				kind = branch;
			};
		};
		C3E0CAFD3044CE10007384B3 /* XCRemoteSwiftPackageReference "CLISpinner" */ = {
			isa = XCRemoteSwiftPackageReference;
			repositoryURL = "https://github.com/kiliankoe/CLISpinner";
			requirement = {
				branch = main;
				kind = branch;
			};
		};
		C3E0CB003044CE44007384B3 /* XCRemoteSwiftPackageReference "Progress" */ = {
			isa = XCRemoteSwiftPackageReference;
			repositoryURL = "https://github.com/jkandzi/Progress.swift";
			requirement = {
				branch = master;
				kind = branch;
			};
		};
/* End XCRemoteSwiftPackageReference section */

/* Begin XCSwiftPackageProductDependency section */
		C31FAED03054FF3800EE91EC /* SwiftTerm */ = {
			isa = XCSwiftPackageProductDependency;
			productName = SwiftTerm;
		};
		C31FAED23054FF3800EE91EC /* SwiftTermBuildInfoGenerator */ = {
			isa = XCSwiftPackageProductDependency;
			productName = SwiftTermBuildInfoGenerator;
		};
		C31FAED43054FF3800EE91EC /* SwiftTermFuzz */ = {
			isa = XCSwiftPackageProductDependency;
			productName = SwiftTermFuzz;
		};
		C31FAED63054FF3800EE91EC /* termcast */ = {
			isa = XCSwiftPackageProductDependency;
			productName = termcast;
		};
		C31FAED93054FF7E00EE91EC /* SwiftTerm */ = {
			isa = XCSwiftPackageProductDependency;
			productName = SwiftTerm;
		};
		C31FAEDB3054FF7E00EE91EC /* SwiftTermBuildInfoGenerator */ = {
			isa = XCSwiftPackageProductDependency;
			productName = SwiftTermBuildInfoGenerator;
		};
		C31FAEDD3054FF7E00EE91EC /* SwiftTermFuzz */ = {
			isa = XCSwiftPackageProductDependency;
			productName = SwiftTermFuzz;
		};
		C31FAEDF3054FF7E00EE91EC /* termcast */ = {
			isa = XCSwiftPackageProductDependency;
			productName = termcast;
		};
		C330D655304B9898005DF1C4 /* ArgumentParser */ = {
			isa = XCSwiftPackageProductDependency;
			package = C330D654304B9898005DF1C4 /* XCRemoteSwiftPackageReference "swift-argument-parser" */;
			productName = ArgumentParser;
		};
		C330D657304B9898005DF1C4 /* generate-docc-reference */ = {
			isa = XCSwiftPackageProductDependency;
			package = C330D654304B9898005DF1C4 /* XCRemoteSwiftPackageReference "swift-argument-parser" */;
			productName = "generate-docc-reference";
		};
		C330D659304B9898005DF1C4 /* generate-manual */ = {
			isa = XCSwiftPackageProductDependency;
			package = C330D654304B9898005DF1C4 /* XCRemoteSwiftPackageReference "swift-argument-parser" */;
			productName = "generate-manual";
		};
		C330D65C304B98BF005DF1C4 /* snippet-extract */ = {
			isa = XCSwiftPackageProductDependency;
			package = C330D65B304B98BF005DF1C4 /* XCRemoteSwiftPackageReference "swift-docc-plugin" */;
			productName = "snippet-extract";
		};
		C330D65F304B9903005DF1C4 /* LZ77 */ = {
			isa = XCSwiftPackageProductDependency;
			package = C330D65E304B9903005DF1C4 /* XCRemoteSwiftPackageReference "swift-png" */;
			productName = LZ77;
		};
		C330D661304B9903005DF1C4 /* PNG */ = {
			isa = XCSwiftPackageProductDependency;
			package = C330D65E304B9903005DF1C4 /* XCRemoteSwiftPackageReference "swift-png" */;
			productName = PNG;
		};
		C330D663304B9903005DF1C4 /* compression-benchmark */ = {
			isa = XCSwiftPackageProductDependency;
			package = C330D65E304B9903005DF1C4 /* XCRemoteSwiftPackageReference "swift-png" */;
			productName = "compression-benchmark";
		};
		C330D665304B9903005DF1C4 /* decompression-benchmark */ = {
			isa = XCSwiftPackageProductDependency;
			package = C330D65E304B9903005DF1C4 /* XCRemoteSwiftPackageReference "swift-png" */;
			productName = "decompression-benchmark";
		};
		C330D669304B997E005DF1C4 /* Subprocess */ = {
			isa = XCSwiftPackageProductDependency;
			package = C330D668304B997E005DF1C4 /* XCRemoteSwiftPackageReference "swift-subprocess" */;
			productName = Subprocess;
		};
		C330D66C304B9A60005DF1C4 /* Base16 */ = {
			isa = XCSwiftPackageProductDependency;
			package = C330D66B304B9A60005DF1C4 /* XCRemoteSwiftPackageReference "h" */;
			productName = Base16;
		};
		C330D66E304B9A60005DF1C4 /* Base64 */ = {
			isa = XCSwiftPackageProductDependency;
			package = C330D66B304B9A60005DF1C4 /* XCRemoteSwiftPackageReference "h" */;
			productName = Base64;
		};
		C330D670304B9A60005DF1C4 /* CRC */ = {
			isa = XCSwiftPackageProductDependency;
			package = C330D66B304B9A60005DF1C4 /* XCRemoteSwiftPackageReference "h" */;
			productName = CRC;
		};
		C330D672304B9A60005DF1C4 /* InlineBuffer */ = {
			isa = XCSwiftPackageProductDependency;
			package = C330D66B304B9A60005DF1C4 /* XCRemoteSwiftPackageReference "h" */;
			productName = InlineBuffer;
		};
		C330D674304B9A60005DF1C4 /* MD5 */ = {
			isa = XCSwiftPackageProductDependency;
			package = C330D66B304B9A60005DF1C4 /* XCRemoteSwiftPackageReference "h" */;
			productName = MD5;
		};
		C330D676304B9A60005DF1C4 /* MessageAuthentication */ = {
			isa = XCSwiftPackageProductDependency;
			package = C330D66B304B9A60005DF1C4 /* XCRemoteSwiftPackageReference "h" */;
			productName = MessageAuthentication;
		};
		C330D678304B9A60005DF1C4 /* SHA1 */ = {
			isa = XCSwiftPackageProductDependency;
			package = C330D66B304B9A60005DF1C4 /* XCRemoteSwiftPackageReference "h" */;
			productName = SHA1;
		};
		C330D67A304B9A60005DF1C4 /* SHA2 */ = {
			isa = XCSwiftPackageProductDependency;
			package = C330D66B304B9A60005DF1C4 /* XCRemoteSwiftPackageReference "h" */;
			productName = SHA2;
		};
		C330D67C304B9A60005DF1C4 /* UUID */ = {
			isa = XCSwiftPackageProductDependency;
			package = C330D66B304B9A60005DF1C4 /* XCRemoteSwiftPackageReference "h" */;
			productName = UUID;
		};
		C330D67F304BBB8D005DF1C4 /* SymbolKit */ = {
			isa = XCSwiftPackageProductDependency;
			package = C330D67E304BBB8D005DF1C4 /* XCRemoteSwiftPackageReference "swift-docc-symbolkit" */;
			productName = SymbolKit;
		};
		C330D682304BBBCB005DF1C4 /* SystemPackage */ = {
			isa = XCSwiftPackageProductDependency;
			package = C330D681304BBBCB005DF1C4 /* XCRemoteSwiftPackageReference "swift-system" */;
			productName = SystemPackage;
		};
		C3494592304C76E400906B16 /* SwifterSwift */ = {
			isa = XCSwiftPackageProductDependency;
			package = C3494591304C76E400906B16 /* XCRemoteSwiftPackageReference "SwifterSwift" */;
			productName = SwifterSwift;
		};
		C3494594304C76E400906B16 /* SwifterSwiftAppKit */ = {
			isa = XCSwiftPackageProductDependency;
			package = C3494591304C76E400906B16 /* XCRemoteSwiftPackageReference "SwifterSwift" */;
			productName = SwifterSwiftAppKit;
		};
		C3494596304C76E400906B16 /* SwifterSwiftAppKitNoIBInspectable */ = {
			isa = XCSwiftPackageProductDependency;
			package = C3494591304C76E400906B16 /* XCRemoteSwiftPackageReference "SwifterSwift" */;
			productName = SwifterSwiftAppKitNoIBInspectable;
		};
		C3494598304C76E400906B16 /* SwifterSwiftCoreAnimation */ = {
			isa = XCSwiftPackageProductDependency;
			package = C3494591304C76E400906B16 /* XCRemoteSwiftPackageReference "SwifterSwift" */;
			productName = SwifterSwiftCoreAnimation;
		};
		C349459A304C76E400906B16 /* SwifterSwiftCoreGraphics */ = {
			isa = XCSwiftPackageProductDependency;
			package = C3494591304C76E400906B16 /* XCRemoteSwiftPackageReference "SwifterSwift" */;
			productName = SwifterSwiftCoreGraphics;
		};
		C349459C304C76E400906B16 /* SwifterSwiftCoreLocation */ = {
			isa = XCSwiftPackageProductDependency;
			package = C3494591304C76E400906B16 /* XCRemoteSwiftPackageReference "SwifterSwift" */;
			productName = SwifterSwiftCoreLocation;
		};
		C349459E304C76E400906B16 /* SwifterSwiftCryptoKit */ = {
			isa = XCSwiftPackageProductDependency;
			package = C3494591304C76E400906B16 /* XCRemoteSwiftPackageReference "SwifterSwift" */;
			productName = SwifterSwiftCryptoKit;
		};
		C34945A0304C76E400906B16 /* SwifterSwiftDispatch */ = {
			isa = XCSwiftPackageProductDependency;
			package = C3494591304C76E400906B16 /* XCRemoteSwiftPackageReference "SwifterSwift" */;
			productName = SwifterSwiftDispatch;
		};
		C34945A2304C76E400906B16 /* SwifterSwiftFoundation */ = {
			isa = XCSwiftPackageProductDependency;
			package = C3494591304C76E400906B16 /* XCRemoteSwiftPackageReference "SwifterSwift" */;
			productName = SwifterSwiftFoundation;
		};
		C34945A4304C76E400906B16 /* SwifterSwiftHealthKit */ = {
			isa = XCSwiftPackageProductDependency;
			package = C3494591304C76E400906B16 /* XCRemoteSwiftPackageReference "SwifterSwift" */;
			productName = SwifterSwiftHealthKit;
		};
		C34945A6304C76E400906B16 /* SwifterSwiftMapKit */ = {
			isa = XCSwiftPackageProductDependency;
			package = C3494591304C76E400906B16 /* XCRemoteSwiftPackageReference "SwifterSwift" */;
			productName = SwifterSwiftMapKit;
		};
		C34945A8304C76E400906B16 /* SwifterSwiftNoIBInspectable */ = {
			isa = XCSwiftPackageProductDependency;
			package = C3494591304C76E400906B16 /* XCRemoteSwiftPackageReference "SwifterSwift" */;
			productName = SwifterSwiftNoIBInspectable;
		};
		C34945AA304C76E400906B16 /* SwifterSwiftSceneKit */ = {
			isa = XCSwiftPackageProductDependency;
			package = C3494591304C76E400906B16 /* XCRemoteSwiftPackageReference "SwifterSwift" */;
			productName = SwifterSwiftSceneKit;
		};
		C34945AC304C76E400906B16 /* SwifterSwiftShared */ = {
			isa = XCSwiftPackageProductDependency;
			package = C3494591304C76E400906B16 /* XCRemoteSwiftPackageReference "SwifterSwift" */;
			productName = SwifterSwiftShared;
		};
		C34945AE304C76E400906B16 /* SwifterSwiftSpriteKit */ = {
			isa = XCSwiftPackageProductDependency;
			package = C3494591304C76E400906B16 /* XCRemoteSwiftPackageReference "SwifterSwift" */;
			productName = SwifterSwiftSpriteKit;
		};
		C34945B0304C76E400906B16 /* SwifterSwiftStoreKit */ = {
			isa = XCSwiftPackageProductDependency;
			package = C3494591304C76E400906B16 /* XCRemoteSwiftPackageReference "SwifterSwift" */;
			productName = SwifterSwiftStoreKit;
		};
		C34945B2304C76E400906B16 /* SwifterSwiftSwiftStdlib */ = {
			isa = XCSwiftPackageProductDependency;
			package = C3494591304C76E400906B16 /* XCRemoteSwiftPackageReference "SwifterSwift" */;
			productName = SwifterSwiftSwiftStdlib;
		};
		C34945B4304C76E400906B16 /* SwifterSwiftUIKit */ = {
			isa = XCSwiftPackageProductDependency;
			package = C3494591304C76E400906B16 /* XCRemoteSwiftPackageReference "SwifterSwift" */;
			productName = SwifterSwiftUIKit;
		};
		C34945B6304C76E400906B16 /* SwifterSwiftUIKitNoIBInspectable */ = {
			isa = XCSwiftPackageProductDependency;
			package = C3494591304C76E400906B16 /* XCRemoteSwiftPackageReference "SwifterSwift" */;
			productName = SwifterSwiftUIKitNoIBInspectable;
		};
		C34945B8304C76E400906B16 /* SwifterSwiftWebKit */ = {
			isa = XCSwiftPackageProductDependency;
			package = C3494591304C76E400906B16 /* XCRemoteSwiftPackageReference "SwifterSwift" */;
			productName = SwifterSwiftWebKit;
		};
		C3E0CAF83044CD87007384B3 /* Rainbow */ = {
			isa = XCSwiftPackageProductDependency;
			package = C3E0CAF73044CD87007384B3 /* XCRemoteSwiftPackageReference "Rainbow" */;
			productName = Rainbow;
		};
		C3E0CAFB3044CDF1007384B3 /* Yams */ = {
			isa = XCSwiftPackageProductDependency;
			package = C3E0CAFA3044CDF1007384B3 /* XCRemoteSwiftPackageReference "Yams" */;
			productName = Yams;
		};
		C3E0CAFE3044CE10007384B3 /* CLISpinner */ = {
			isa = XCSwiftPackageProductDependency;
			package = C3E0CAFD3044CE10007384B3 /* XCRemoteSwiftPackageReference "CLISpinner" */;
			productName = CLISpinner;
		};
		C3E0CB013044CE44007384B3 /* Progress */ = {
			isa = XCSwiftPackageProductDependency;
			package = C3E0CB003044CE44007384B3 /* XCRemoteSwiftPackageReference "Progress" */;
			productName = Progress;
		};
/* End XCSwiftPackageProductDependency section */
	};
	rootObject = C37046012F79A36500603593 /* Project object */;
}
